
Microsoft Visual Studio Solution File, Format Version 12.00
# Visual Studio Version 17
VisualStudioVersion = 17.0.31611.283
MinimumVisualStudioVersion = 10.0.40219.1
Project("{9A19103F-16F7-4668-BE54-9A1E7A4F7556}") = "Tripaui", "Tripaui\Tripaui.csproj", "{E9BA0953-AE93-49B3-ADAD-AAB533ADFFF3}"
EndProject
Project("{9A19103F-16F7-4668-BE54-9A1E7A4F7556}") = "Tripaui.Test", "Tripaui.Test\Tripaui.Test.csproj", "{FD449E74-5CD3-4432-A492-79E434B40A64}"
EndProject
Project("{9A19103F-16F7-4668-BE54-9A1E7A4F7556}") = "Services", "Services\Services.csproj", "{1052F166-3AA8-4150-99A1-3FFCE2EAC5EA}"
EndProject
Project("{9A19103F-16F7-4668-BE54-9A1E7A4F7556}") = "Shared", "Shared\Shared.csproj", "{B9BC85A7-3906-4893-BACF-5A0C54A469BE}"
EndProject
Project("{9A19103F-16F7-4668-BE54-9A1E7A4F7556}") = "Repositories", "Repositories\Repositories.csproj", "{B4273549-1956-457D-B50A-4DD7AF1E762D}"
EndProject
Global
	GlobalSection(SolutionConfigurationPlatforms) = preSolution
		Debug|Any CPU = Debug|Any CPU
		Release|Any CPU = Release|Any CPU
	EndGlobalSection
	GlobalSection(ProjectConfigurationPlatforms) = postSolution
		{E9BA0953-AE93-49B3-ADAD-AAB533ADFFF3}.Debug|Any CPU.ActiveCfg = Debug|Any CPU
		{E9BA0953-AE93-49B3-ADAD-AAB533ADFFF3}.Debug|Any CPU.Build.0 = Debug|Any CPU
		{E9BA0953-AE93-49B3-ADAD-AAB533ADFFF3}.Debug|Any CPU.Deploy.0 = Debug|Any CPU
		{E9BA0953-AE93-49B3-ADAD-AAB533ADFFF3}.Release|Any CPU.ActiveCfg = Release|Any CPU
		{E9BA0953-AE93-49B3-ADAD-AAB533ADFFF3}.Release|Any CPU.Build.0 = Release|Any CPU
		{E9BA0953-AE93-49B3-ADAD-AAB533ADFFF3}.Release|Any CPU.Deploy.0 = Release|Any CPU
		{FD449E74-5CD3-4432-A492-79E434B40A64}.Debug|Any CPU.ActiveCfg = Debug|Any CPU
		{FD449E74-5CD3-4432-A492-79E434B40A64}.Debug|Any CPU.Build.0 = Debug|Any CPU
		{FD449E74-5CD3-4432-A492-79E434B40A64}.Release|Any CPU.ActiveCfg = Release|Any CPU
		{FD449E74-5CD3-4432-A492-79E434B40A64}.Release|Any CPU.Build.0 = Release|Any CPU
		{1052F166-3AA8-4150-99A1-3FFCE2EAC5EA}.Debug|Any CPU.ActiveCfg = Debug|Any CPU
		{1052F166-3AA8-4150-99A1-3FFCE2EAC5EA}.Debug|Any CPU.Build.0 = Debug|Any CPU
		{1052F166-3AA8-4150-99A1-3FFCE2EAC5EA}.Release|Any CPU.ActiveCfg = Release|Any CPU
		{1052F166-3AA8-4150-99A1-3FFCE2EAC5EA}.Release|Any CPU.Build.0 = Release|Any CPU
		{B9BC85A7-3906-4893-BACF-5A0C54A469BE}.Debug|Any CPU.ActiveCfg = Debug|Any CPU
		{B9BC85A7-3906-4893-BACF-5A0C54A469BE}.Debug|Any CPU.Build.0 = Debug|Any CPU
		{B9BC85A7-3906-4893-BACF-5A0C54A469BE}.Release|Any CPU.ActiveCfg = Release|Any CPU
		{B9BC85A7-3906-4893-BACF-5A0C54A469BE}.Release|Any CPU.Build.0 = Release|Any CPU
		{B4273549-1956-457D-B50A-4DD7AF1E762D}.Debug|Any CPU.ActiveCfg = Debug|Any CPU
		{B4273549-1956-457D-B50A-4DD7AF1E762D}.Debug|Any CPU.Build.0 = Debug|Any CPU
		{B4273549-1956-457D-B50A-4DD7AF1E762D}.Release|Any CPU.ActiveCfg = Release|Any CPU
		{B4273549-1956-457D-B50A-4DD7AF1E762D}.Release|Any CPU.Build.0 = Release|Any CPU
	EndGlobalSection
	GlobalSection(SolutionProperties) = preSolution
		HideSolutionNode = FALSE
	EndGlobalSection
	GlobalSection(ExtensibilityGlobals) = postSolution
		SolutionGuid = {61F7FB11-1E47-470C-91E2-47F8143E1572}
	EndGlobalSection
EndGlobal
